# This file is generated by running "yarn install" inside your project.
# Manual changes might be lost - proceed with caution!

__metadata:
  version: 6
  cacheKey: 8

"eventemitter3@npm:^5.0.0":
  version: 5.0.0
  resolution: "eventemitter3@npm:5.0.0"
  checksum: b974bafbab860e0a5bbb21add4c4e82f9d5691c583c03f2e4c5d44a2d6c4556d79223621bdcfc6c8e14366a4af9df6b5ea9d6caf65fbffc80b66f3e1dceacbc9
  languageName: node
  linkType: hard

"forever-websocket@workspace:.":
  version: 0.0.0-use.local
  resolution: "forever-websocket@workspace:."
  dependencies:
    eventemitter3: ^5.0.0
    ws: ^8.13.0
  languageName: unknown
  linkType: soft

"ws@npm:^8.13.0":
  version: 8.13.0
  resolution: "ws@npm:8.13.0"
  peerDependencies:
    bufferutil: ^4.0.1
    utf-8-validate: ">=5.0.2"
  peerDependenciesMeta:
    bufferutil:
      optional: true
    utf-8-validate:
      optional: true
  checksum: 53e991bbf928faf5dc6efac9b8eb9ab6497c69feeb94f963d648b7a3530a720b19ec2e0ec037344257e05a4f35bd9ad04d9de6f289615ffb133282031b18c61c
  languageName: node
  linkType: hard
